// !$*UTF8*$!
{
	archiveVersion = 1;
	classes = {
	};
	objectVersion = 77;
	objects = {

/* Begin PBXBuildFile section */
		5723A07A2CDBB15300C6FED0 /* Down in Frameworks */ = {isa = PBXBuildFile; productRef = 5723A0792CDBB15300C6FED0 /* Down */; };
/* End PBXBuildFile section */

/* Begin PBXContainerItemProxy section */
		57FCF0D02CD22E760005FB43 /* PBXContainerItemProxy */ = {
			isa = PBXContainerItemProxy;
			containerPortal = 57FCF0B52CD22E710005FB43 /* Project object */;
			proxyType = 1;
			remoteGlobalIDString = 57FCF0BC2CD22E710005FB43;
			remoteInfo = boycott;
		};
		57FCF0DA2CD22E760005FB43 /* PBXContainerItemProxy */ = {
			isa = PBXContainerItemProxy;
			containerPortal = 57FCF0B52CD22E710005FB43 /* Project object */;
			proxyType = 1;
			remoteGlobalIDString = 57FCF0BC2CD22E710005FB43;
			remoteInfo = boycott;
		};
/* End PBXContainerItemProxy section */

/* Begin PBXFileReference section */
		57FCF0BD2CD22E710005FB43 /* boycott.app */ = {isa = PBXFileReference; explicitFileType = wrapper.application; includeInIndex = 0; path = boycott.app; sourceTree = BUILT_PRODUCTS_DIR; };
		57FCF0CF2CD22E760005FB43 /* boycottTests.xctest */ = {isa = PBXFileReference; explicitFileType = wrapper.cfbundle; includeInIndex = 0; path = boycottTests.xctest; sourceTree = BUILT_PRODUCTS_DIR; };
		57FCF0D92CD22E760005FB43 /* boycottUITests.xctest */ = {isa = PBXFileReference; explicitFileType = wrapper.cfbundle; includeInIndex = 0; path = boycottUITests.xctest; sourceTree = BUILT_PRODUCTS_DIR; };
/* End PBXFileReference section */

/* Begin PBXFileSystemSynchronizedBuildFileExceptionSet section */
		5723AC802CD6991100752D2A /* Exceptions for "boycott" folder in "boycott" target */ = {
			isa = PBXFileSystemSynchronizedBuildFileExceptionSet;
			membershipExceptions = (
				Info.plist,
			);
			target = 57FCF0BC2CD22E710005FB43 /* boycott */;
		};
/* End PBXFileSystemSynchronizedBuildFileExceptionSet section */

/* Begin PBXFileSystemSynchronizedRootGroup section */
		57FCF0BF2CD22E710005FB43 /* boycott */ = {
			isa = PBXFileSystemSynchronizedRootGroup;
			exceptions = (
				5723AC802CD6991100752D2A /* Exceptions for "boycott" folder in "boycott" target */,
			);
			path = boycott;
			sourceTree = "<group>";
		};
		57FCF0D22CD22E760005FB43 /* boycottTests */ = {
			isa = PBXFileSystemSynchronizedRootGroup;
			path = boycottTests;
			sourceTree = "<group>";
		};
		57FCF0DC2CD22E760005FB43 /* boycottUITests */ = {
			isa = PBXFileSystemSynchronizedRootGroup;
			path = boycottUITests;
			sourceTree = "<group>";
		};
/* End PBXFileSystemSynchronizedRootGroup section */

/* Begin PBXFrameworksBuildPhase section */
		57FCF0BA2CD22E710005FB43 /* Frameworks */ = {
			isa = PBXFrameworksBuildPhase;
			buildActionMask = 2147483647;
			files = (
				5723A07A2CDBB15300C6FED0 /* Down in Frameworks */,
			);
			runOnlyForDeploymentPostprocessing = 0;
		};
		57FCF0CC2CD22E760005FB43 /* Frameworks */ = {
			isa = PBXFrameworksBuildPhase;
			buildActionMask = 2147483647;
			files = (
			);
			runOnlyForDeploymentPostprocessing = 0;
		};
		57FCF0D62CD22E760005FB43 /* Frameworks */ = {
			isa = PBXFrameworksBuildPhase;
			buildActionMask = 2147483647;
			files = (
			);
			runOnlyForDeploymentPostprocessing = 0;
		};
/* End PBXFrameworksBuildPhase section */

/* Begin PBXGroup section */
		5723A0752CDBB0FD00C6FED0 /* Frameworks */ = {
			isa = PBXGroup;
			children = (
			);
			name = Frameworks;
			sourceTree = "<group>";
		};
		57FCF0B42CD22E710005FB43 = {
			isa = PBXGroup;
			children = (
				57FCF0BF2CD22E710005FB43 /* boycott */,
				57FCF0D22CD22E760005FB43 /* boycottTests */,
				57FCF0DC2CD22E760005FB43 /* boycottUITests */,
				5723A0752CDBB0FD00C6FED0 /* Frameworks */,
				57FCF0BE2CD22E710005FB43 /* Products */,
			);
			sourceTree = "<group>";
		};
		57FCF0BE2CD22E710005FB43 /* Products */ = {
			isa = PBXGroup;
			children = (
				57FCF0BD2CD22E710005FB43 /* boycott.app */,
				57FCF0CF2CD22E760005FB43 /* boycottTests.xctest */,
				57FCF0D92CD22E760005FB43 /* boycottUITests.xctest */,
			);
			name = Products;
			sourceTree = "<group>";
		};
/* End PBXGroup section */

/* Begin PBXNativeTarget section */
		57FCF0BC2CD22E710005FB43 /* boycott */ = {
			isa = PBXNativeTarget;
			buildConfigurationList = 57FCF0E32CD22E770005FB43 /* Build configuration list for PBXNativeTarget "boycott" */;
			buildPhases = (
				57FCF0B92CD22E710005FB43 /* Sources */,
				57FCF0BA2CD22E710005FB43 /* Frameworks */,
				57FCF0BB2CD22E710005FB43 /* Resources */,
			);
			buildRules = (
			);
			dependencies = (
			);
			fileSystemSynchronizedGroups = (
				57FCF0BF2CD22E710005FB43 /* boycott */,
			);
			name = boycott;
			packageProductDependencies = (
				5723A0792CDBB15300C6FED0 /* Down */,
			);
			productName = boycott;
			productReference = 57FCF0BD2CD22E710005FB43 /* boycott.app */;
			productType = "com.apple.product-type.application";
		};
		57FCF0CE2CD22E760005FB43 /* boycottTests */ = {
			isa = PBXNativeTarget;
			buildConfigurationList = 57FCF0E62CD22E770005FB43 /* Build configuration list for PBXNativeTarget "boycottTests" */;
			buildPhases = (
				57FCF0CB2CD22E760005FB43 /* Sources */,
				57FCF0CC2CD22E760005FB43 /* Frameworks */,
				57FCF0CD2CD22E760005FB43 /* Resources */,
			);
			buildRules = (
			);
			dependencies = (
				57FCF0D12CD22E760005FB43 /* PBXTargetDependency */,
			);
			fileSystemSynchronizedGroups = (
				57FCF0D22CD22E760005FB43 /* boycottTests */,
			);
			name = boycottTests;
			packageProductDependencies = (
			);
			productName = boycottTests;
			productReference = 57FCF0CF2CD22E760005FB43 /* boycottTests.xctest */;
			productType = "com.apple.product-type.bundle.unit-test";
		};
		57FCF0D82CD22E760005FB43 /* boycottUITests */ = {
			isa = PBXNativeTarget;
			buildConfigurationList = 57FCF0E92CD22E770005FB43 /* Build configuration list for PBXNativeTarget "boycottUITests" */;
			buildPhases = (
				57FCF0D52CD22E760005FB43 /* Sources */,
				57FCF0D62CD22E760005FB43 /* Frameworks */,
				57FCF0D72CD22E760005FB43 /* Resources */,
			);
			buildRules = (
			);
			dependencies = (
				57FCF0DB2CD22E760005FB43 /* PBXTargetDependency */,
			);
			fileSystemSynchronizedGroups = (
				57FCF0DC2CD22E760005FB43 /* boycottUITests */,
			);
			name = boycottUITests;
			packageProductDependencies = (
			);
			productName = boycottUITests;
			productReference = 57FCF0D92CD22E760005FB43 /* boycottUITests.xctest */;
			productType = "com.apple.product-type.bundle.ui-testing";
		};
/* End PBXNativeTarget section */

/* Begin PBXProject section */
		57FCF0B52CD22E710005FB43 /* Project object */ = {
			isa = PBXProject;
			attributes = {
				BuildIndependentTargetsInParallel = 1;
				LastSwiftUpdateCheck = 1610;
				LastUpgradeCheck = 1610;
				TargetAttributes = {
					57FCF0BC2CD22E710005FB43 = {
						CreatedOnToolsVersion = 16.1;
					};
					57FCF0CE2CD22E760005FB43 = {
						CreatedOnToolsVersion = 16.1;
						TestTargetID = 57FCF0BC2CD22E710005FB43;
					};
					57FCF0D82CD22E760005FB43 = {
						CreatedOnToolsVersion = 16.1;
						TestTargetID = 57FCF0BC2CD22E710005FB43;
					};
				};
			};
			buildConfigurationList = 57FCF0B82CD22E710005FB43 /* Build configuration list for PBXProject "boycott" */;
			developmentRegion = en;
			hasScannedForEncodings = 0;
			knownRegions = (
				en,
				Base,
				"zh-Hans",
				ar,
				hi,
				ja,
				ko,
				fr,
				ru,
				pt,
				ms,
				nl,
				de,
				ur,
				id,
				tr,
				vi,
				th,
				es,
				bn,
				it,
				fa,
			);
			mainGroup = 57FCF0B42CD22E710005FB43;
			minimizedProjectReferenceProxies = 1;
			packageReferences = (
				5723A0782CDBB14700C6FED0 /* XCRemoteSwiftPackageReference "Down" */,
			);
			preferredProjectObjectVersion = 77;
			productRefGroup = 57FCF0BE2CD22E710005FB43 /* Products */;
			projectDirPath = "";
			projectRoot = "";
			targets = (
				57FCF0BC2CD22E710005FB43 /* boycott */,
				57FCF0CE2CD22E760005FB43 /* boycottTests */,
				57FCF0D82CD22E760005FB43 /* boycottUITests */,
			);
		};
/* End PBXProject section */

/* Begin PBXResourcesBuildPhase section */
		57FCF0BB2CD22E710005FB43 /* Resources */ = {
			isa = PBXResourcesBuildPhase;
			buildActionMask = 2147483647;
			files = (
			);
			runOnlyForDeploymentPostprocessing = 0;
		};
		57FCF0CD2CD22E760005FB43 /* Resources */ = {
			isa = PBXResourcesBuildPhase;
			buildActionMask = 2147483647;
			files = (
			);
			runOnlyForDeploymentPostprocessing = 0;
		};
		57FCF0D72CD22E760005FB43 /* Resources */ = {
			isa = PBXResourcesBuildPhase;
			buildActionMask = 2147483647;
			files = (
			);
			runOnlyForDeploymentPostprocessing = 0;
		};
/* End PBXResourcesBuildPhase section */

/* Begin PBXSourcesBuildPhase section */
		57FCF0B92CD22E710005FB43 /* Sources */ = {
			isa = PBXSourcesBuildPhase;
			buildActionMask = 2147483647;
			files = (
			);
			runOnlyForDeploymentPostprocessing = 0;
		};
		57FCF0CB2CD22E760005FB43 /* Sources */ = {
			isa = PBXSourcesBuildPhase;
			buildActionMask = 2147483647;
			files = (
			);
			runOnlyForDeploymentPostprocessing = 0;
		};
		57FCF0D52CD22E760005FB43 /* Sources */ = {
			isa = PBXSourcesBuildPhase;
			buildActionMask = 2147483647;
			files = (
			);
			runOnlyForDeploymentPostprocessing = 0;
		};
/* End PBXSourcesBuildPhase section */

/* Begin PBXTargetDependency section */
		57FCF0D12CD22E760005FB43 /* PBXTargetDependency */ = {
			isa = PBXTargetDependency;
			target = 57FCF0BC2CD22E710005FB43 /* boycott */;
			targetProxy = 57FCF0D02CD22E760005FB43 /* PBXContainerItemProxy */;
		};
		57FCF0DB2CD22E760005FB43 /* PBXTargetDependency */ = {
			isa = PBXTargetDependency;
			target = 57FCF0BC2CD22E710005FB43 /* boycott */;
			targetProxy = 57FCF0DA2CD22E760005FB43 /* PBXContainerItemProxy */;
		};
/* End PBXTargetDependency section */

/* Begin XCBuildConfiguration section */
		57FCF0E12CD22E770005FB43 /* Debug */ = {
			isa = XCBuildConfiguration;
			buildSettings = {
				ALWAYS_SEARCH_USER_PATHS = NO;
				ASSETCATALOG_COMPILER_GENERATE_SWIFT_ASSET_SYMBOL_EXTENSIONS = YES;
				CLANG_ANALYZER_NONNULL = YES;
				CLANG_ANALYZER_NUMBER_OBJECT_CONVERSION = YES_AGGRESSIVE;
				CLANG_CXX_LANGUAGE_STANDARD = "gnu++20";
				CLANG_ENABLE_MODULES = YES;
				CLANG_ENABLE_OBJC_ARC = YES;
				CLANG_ENABLE_OBJC_WEAK = YES;
				CLANG_WARN_BLOCK_CAPTURE_AUTORELEASING = YES;
				CLANG_WARN_BOOL_CONVERSION = YES;
				CLANG_WARN_COMMA = YES;
				CLANG_WARN_CONSTANT_CONVERSION = YES;
				CLANG_WARN_DEPRECATED_OBJC_IMPLEMENTATIONS = YES;
				CLANG_WARN_DIRECT_OBJC_ISA_USAGE = YES_ERROR;
				CLANG_WARN_DOCUMENTATION_COMMENTS = YES;
				CLANG_WARN_EMPTY_BODY = YES;
				CLANG_WARN_ENUM_CONVERSION = YES;
				CLANG_WARN_INFINITE_RECURSION = YES;
				CLANG_WARN_INT_CONVERSION = YES;
				CLANG_WARN_NON_LITERAL_NULL_CONVERSION = YES;
				CLANG_WARN_OBJC_IMPLICIT_RETAIN_SELF = YES;
				CLANG_WARN_OBJC_LITERAL_CONVERSION = YES;
				CLANG_WARN_OBJC_ROOT_CLASS = YES_ERROR;
				CLANG_WARN_QUOTED_INCLUDE_IN_FRAMEWORK_HEADER = YES;
				CLANG_WARN_RANGE_LOOP_ANALYSIS = YES;
				CLANG_WARN_STRICT_PROTOTYPES = YES;
				CLANG_WARN_SUSPICIOUS_MOVE = YES;
				CLANG_WARN_UNGUARDED_AVAILABILITY = YES_AGGRESSIVE;
				CLANG_WARN_UNREACHABLE_CODE = YES;
				CLANG_WARN__DUPLICATE_METHOD_MATCH = YES;
				COPY_PHASE_STRIP = NO;
				DEBUG_INFORMATION_FORMAT = dwarf;
				ENABLE_STRICT_OBJC_MSGSEND = YES;
				ENABLE_TESTABILITY = YES;
				ENABLE_USER_SCRIPT_SANDBOXING = YES;
				GCC_C_LANGUAGE_STANDARD = gnu17;
				GCC_DYNAMIC_NO_PIC = NO;
				GCC_NO_COMMON_BLOCKS = YES;
				GCC_OPTIMIZATION_LEVEL = 0;
				GCC_PREPROCESSOR_DEFINITIONS = (
					"DEBUG=1",
					"$(inherited)",
				);
				GCC_WARN_64_TO_32_BIT_CONVERSION = YES;
				GCC_WARN_ABOUT_RETURN_TYPE = YES_ERROR;
				GCC_WARN_UNDECLARED_SELECTOR = YES;
				GCC_WARN_UNINITIALIZED_AUTOS = YES_AGGRESSIVE;
				GCC_WARN_UNUSED_FUNCTION = YES;
				GCC_WARN_UNUSED_VARIABLE = YES;
				GENERATE_INFOPLIST_FILE = YES;
				IPHONEOS_DEPLOYMENT_TARGET = 18.1;
				LOCALIZATION_PREFERS_STRING_CATALOGS = YES;
				MTL_ENABLE_DEBUG_INFO = INCLUDE_SOURCE;
				MTL_FAST_MATH = YES;
				ONLY_ACTIVE_ARCH = YES;
				SDKROOT = iphoneos;
				SWIFT_ACTIVE_COMPILATION_CONDITIONS = "DEBUG $(inherited)";
				SWIFT_OPTIMIZATION_LEVEL = "-Onone";
			};
			name = Debug;
		};
		57FCF0E22CD22E770005FB43 /* Release */ = {
			isa = XCBuildConfiguration;
			buildSettings = {
				ALWAYS_SEARCH_USER_PATHS = NO;
				ASSETCATALOG_COMPILER_GENERATE_SWIFT_ASSET_SYMBOL_EXTENSIONS = YES;
				CLANG_ANALYZER_NONNULL = YES;
				CLANG_ANALYZER_NUMBER_OBJECT_CONVERSION = YES_AGGRESSIVE;
				CLANG_CXX_LANGUAGE_STANDARD = "gnu++20";
				CLANG_ENABLE_MODULES = YES;
				CLANG_ENABLE_OBJC_ARC = YES;
				CLANG_ENABLE_OBJC_WEAK = YES;
				CLANG_WARN_BLOCK_CAPTURE_AUTORELEASING = YES;
				CLANG_WARN_BOOL_CONVERSION = YES;
				CLANG_WARN_COMMA = YES;
				CLANG_WARN_CONSTANT_CONVERSION = YES;
				CLANG_WARN_DEPRECATED_OBJC_IMPLEMENTATIONS = YES;
				CLANG_WARN_DIRECT_OBJC_ISA_USAGE = YES_ERROR;
				CLANG_WARN_DOCUMENTATION_COMMENTS = YES;
				CLANG_WARN_EMPTY_BODY = YES;
				CLANG_WARN_ENUM_CONVERSION = YES;
				CLANG_WARN_INFINITE_RECURSION = YES;
				CLANG_WARN_INT_CONVERSION = YES;
				CLANG_WARN_NON_LITERAL_NULL_CONVERSION = YES;
				CLANG_WARN_OBJC_IMPLICIT_RETAIN_SELF = YES;
				CLANG_WARN_OBJC_LITERAL_CONVERSION = YES;
				CLANG_WARN_OBJC_ROOT_CLASS = YES_ERROR;
				CLANG_WARN_QUOTED_INCLUDE_IN_FRAMEWORK_HEADER = YES;
				CLANG_WARN_RANGE_LOOP_ANALYSIS = YES;
				CLANG_WARN_STRICT_PROTOTYPES = YES;
				CLANG_WARN_SUSPICIOUS_MOVE = YES;
				CLANG_WARN_UNGUARDED_AVAILABILITY = YES_AGGRESSIVE;
				CLANG_WARN_UNREACHABLE_CODE = YES;
				CLANG_WARN__DUPLICATE_METHOD_MATCH = YES;
				COPY_PHASE_STRIP = NO;
				DEBUG_INFORMATION_FORMAT = "dwarf-with-dsym";
				ENABLE_NS_ASSERTIONS = NO;
				ENABLE_STRICT_OBJC_MSGSEND = YES;
				ENABLE_USER_SCRIPT_SANDBOXING = YES;
				GCC_C_LANGUAGE_STANDARD = gnu17;
				GCC_NO_COMMON_BLOCKS = YES;
				GCC_WARN_64_TO_32_BIT_CONVERSION = YES;
				GCC_WARN_ABOUT_RETURN_TYPE = YES_ERROR;
				GCC_WARN_UNDECLARED_SELECTOR = YES;
				GCC_WARN_UNINITIALIZED_AUTOS = YES_AGGRESSIVE;
				GCC_WARN_UNUSED_FUNCTION = YES;
				GCC_WARN_UNUSED_VARIABLE = YES;
				GENERATE_INFOPLIST_FILE = YES;
				IPHONEOS_DEPLOYMENT_TARGET = 18.1;
				LOCALIZATION_PREFERS_STRING_CATALOGS = YES;
				MTL_ENABLE_DEBUG_INFO = NO;
				MTL_FAST_MATH = YES;
				SDKROOT = iphoneos;
				SWIFT_COMPILATION_MODE = wholemodule;
				VALIDATE_PRODUCT = YES;
			};
			name = Release;
		};
		57FCF0E42CD22E770005FB43 /* Debug */ = {
			isa = XCBuildConfiguration;
			buildSettings = {
				ASSETCATALOG_COMPILER_APPICON_NAME = AppIcon;
				ASSETCATALOG_COMPILER_GLOBAL_ACCENT_COLOR_NAME = AccentColor;
				CODE_SIGN_STYLE = Automatic;
				CURRENT_PROJECT_VERSION = 1;
				DEVELOPMENT_ASSET_PATHS = "\"boycott/Preview Content\"";
				ENABLE_PREVIEWS = YES;
				GENERATE_INFOPLIST_FILE = YES;
				"INFOPLIST_FILE[sdk=*]" = boycott/Info.plist;
				INFOPLIST_KEY_UIApplicationSceneManifest_Generation = YES;
				INFOPLIST_KEY_UIApplicationSupportsIndirectInputEvents = YES;
				INFOPLIST_KEY_UILaunchScreen_Generation = YES;
				INFOPLIST_KEY_UISupportedInterfaceOrientations_iPad = "UIInterfaceOrientationPortrait UIInterfaceOrientationPortraitUpsideDown UIInterfaceOrientationLandscapeLeft UIInterfaceOrientationLandscapeRight";
				INFOPLIST_KEY_UISupportedInterfaceOrientations_iPhone = "UIInterfaceOrientationPortrait UIInterfaceOrientationLandscapeLeft UIInterfaceOrientationLandscapeRight";
				INFOPLIST_PREPROCESS = YES;
				LD_RUNPATH_SEARCH_PATHS = (
					"$(inherited)",
					"@executable_path/Frameworks",
				);
				MARKETING_VERSION = 1.0;
				PRODUCT_BUNDLE_IDENTIFIER = com.970970970.boycott;
				PRODUCT_NAME = "$(TARGET_NAME)";
				SWIFT_EMIT_LOC_STRINGS = YES;
				SWIFT_VERSION = 5.0;
				TARGETED_DEVICE_FAMILY = "1,2";
			};
			name = Debug;
		};
		57FCF0E52CD22E770005FB43 /* Release */ = {
			isa = XCBuildConfiguration;
			buildSettings = {
				ASSETCATALOG_COMPILER_APPICON_NAME = AppIcon;
				ASSETCATALOG_COMPILER_GLOBAL_ACCENT_COLOR_NAME = AccentColor;
				CODE_SIGN_STYLE = Automatic;
				CURRENT_PROJECT_VERSION = 1;
				DEVELOPMENT_ASSET_PATHS = "\"boycott/Preview Content\"";
				ENABLE_PREVIEWS = YES;
				GENERATE_INFOPLIST_FILE = YES;
				"INFOPLIST_FILE[sdk=*]" = boycott/Info.plist;
				INFOPLIST_KEY_UIApplicationSceneManifest_Generation = YES;
				INFOPLIST_KEY_UIApplicationSupportsIndirectInputEvents = YES;
				INFOPLIST_KEY_UILaunchScreen_Generation = YES;
				INFOPLIST_KEY_UISupportedInterfaceOrientations_iPad = "UIInterfaceOrientationPortrait UIInterfaceOrientationPortraitUpsideDown UIInterfaceOrientationLandscapeLeft UIInterfaceOrientationLandscapeRight";
				INFOPLIST_KEY_UISupportedInterfaceOrientations_iPhone = "UIInterfaceOrientationPortrait UIInterfaceOrientationLandscapeLeft UIInterfaceOrientationLandscapeRight";
				INFOPLIST_PREPROCESS = YES;
				LD_RUNPATH_SEARCH_PATHS = (
					"$(inherited)",
					"@executable_path/Frameworks",
				);
				MARKETING_VERSION = 1.0;
				PRODUCT_BUNDLE_IDENTIFIER = com.970970970.boycott;
				PRODUCT_NAME = "$(TARGET_NAME)";
				SWIFT_EMIT_LOC_STRINGS = YES;
				SWIFT_VERSION = 5.0;
				TARGETED_DEVICE_FAMILY = "1,2";
			};
			name = Release;
		};
		57FCF0E72CD22E770005FB43 /* Debug */ = {
			isa = XCBuildConfiguration;
			buildSettings = {
				BUNDLE_LOADER = "$(TEST_HOST)";
				CODE_SIGN_STYLE = Automatic;
				CURRENT_PROJECT_VERSION = 1;
				GENERATE_INFOPLIST_FILE = YES;
				IPHONEOS_DEPLOYMENT_TARGET = 18.1;
				MARKETING_VERSION = 1.0;
				PRODUCT_BUNDLE_IDENTIFIER = com.970970970.boycottTests;
				PRODUCT_NAME = "$(TARGET_NAME)";
				SWIFT_EMIT_LOC_STRINGS = NO;
				SWIFT_VERSION = 5.0;
				TARGETED_DEVICE_FAMILY = "1,2";
				TEST_HOST = "$(BUILT_PRODUCTS_DIR)/boycott.app/$(BUNDLE_EXECUTABLE_FOLDER_PATH)/boycott";
			};
			name = Debug;
		};
		57FCF0E82CD22E770005FB43 /* Release */ = {
			isa = XCBuildConfiguration;
			buildSettings = {
				BUNDLE_LOADER = "$(TEST_HOST)";
				CODE_SIGN_STYLE = Automatic;
				CURRENT_PROJECT_VERSION = 1;
				GENERATE_INFOPLIST_FILE = YES;
				IPHONEOS_DEPLOYMENT_TARGET = 18.1;
				MARKETING_VERSION = 1.0;
				PRODUCT_BUNDLE_IDENTIFIER = com.970970970.boycottTests;
				PRODUCT_NAME = "$(TARGET_NAME)";
				SWIFT_EMIT_LOC_STRINGS = NO;
				SWIFT_VERSION = 5.0;
				TARGETED_DEVICE_FAMILY = "1,2";
				TEST_HOST = "$(BUILT_PRODUCTS_DIR)/boycott.app/$(BUNDLE_EXECUTABLE_FOLDER_PATH)/boycott";
			};
			name = Release;
		};
		57FCF0EA2CD22E770005FB43 /* Debug */ = {
			isa = XCBuildConfiguration;
			buildSettings = {
				CODE_SIGN_STYLE = Automatic;
				CURRENT_PROJECT_VERSION = 1;
				GENERATE_INFOPLIST_FILE = YES;
				MARKETING_VERSION = 1.0;
				PRODUCT_BUNDLE_IDENTIFIER = com.970970970.boycottUITests;
				PRODUCT_NAME = "$(TARGET_NAME)";
				SWIFT_EMIT_LOC_STRINGS = NO;
				SWIFT_VERSION = 5.0;
				TARGETED_DEVICE_FAMILY = "1,2";
				TEST_TARGET_NAME = boycott;
			};
			name = Debug;
		};
		57FCF0EB2CD22E770005FB43 /* Release */ = {
			isa = XCBuildConfiguration;
			buildSettings = {
				CODE_SIGN_STYLE = Automatic;
				CURRENT_PROJECT_VERSION = 1;
				GENERATE_INFOPLIST_FILE = YES;
				MARKETING_VERSION = 1.0;
				PRODUCT_BUNDLE_IDENTIFIER = com.970970970.boycottUITests;
				PRODUCT_NAME = "$(TARGET_NAME)";
				SWIFT_EMIT_LOC_STRINGS = NO;
				SWIFT_VERSION = 5.0;
				TARGETED_DEVICE_FAMILY = "1,2";
				TEST_TARGET_NAME = boycott;
			};
			name = Release;
		};
/* End XCBuildConfiguration section */

/* Begin XCConfigurationList section */
		57FCF0B82CD22E710005FB43 /* Build configuration list for PBXProject "boycott" */ = {
			isa = XCConfigurationList;
			buildConfigurations = (
				57FCF0E12CD22E770005FB43 /* Debug */,
				57FCF0E22CD22E770005FB43 /* Release */,
			);
			defaultConfigurationIsVisible = 0;
			defaultConfigurationName = Debug;
		};
		57FCF0E32CD22E770005FB43 /* Build configuration list for PBXNativeTarget "boycott" */ = {
			isa = XCConfigurationList;
			buildConfigurations = (
				57FCF0E42CD22E770005FB43 /* Debug */,
				57FCF0E52CD22E770005FB43 /* Release */,
			);
			defaultConfigurationIsVisible = 0;
			defaultConfigurationName = Debug;
		};
		57FCF0E62CD22E770005FB43 /* Build configuration list for PBXNativeTarget "boycottTests" */ = {
			isa = XCConfigurationList;
			buildConfigurations = (
				57FCF0E72CD22E770005FB43 /* Debug */,
				57FCF0E82CD22E770005FB43 /* Release */,
			);
			defaultConfigurationIsVisible = 0;
			defaultConfigurationName = Debug;
		};
		57FCF0E92CD22E770005FB43 /* Build configuration list for PBXNativeTarget "boycottUITests" */ = {
			isa = XCConfigurationList;
			buildConfigurations = (
				57FCF0EA2CD22E770005FB43 /* Debug */,
				57FCF0EB2CD22E770005FB43 /* Release */,
			);
			defaultConfigurationIsVisible = 0;
			defaultConfigurationName = Debug;
		};
/* End XCConfigurationList section */

/* Begin XCRemoteSwiftPackageReference section */
		5723A0782CDBB14700C6FED0 /* XCRemoteSwiftPackageReference "Down" */ = {
			isa = XCRemoteSwiftPackageReference;
			repositoryURL = "https://github.com/johnxnguyen/Down.git";
			requirement = {
				branch = master;
				kind = branch;
			};
		};
/* End XCRemoteSwiftPackageReference section */

/* Begin XCSwiftPackageProductDependency section */
		5723A0792CDBB15300C6FED0 /* Down */ = {
			isa = XCSwiftPackageProductDependency;
			package = 5723A0782CDBB14700C6FED0 /* XCRemoteSwiftPackageReference "Down" */;
			productName = Down;
		};
/* End XCSwiftPackageProductDependency section */
	};
	rootObject = 57FCF0B52CD22E710005FB43 /* Project object */;
}
